# THIS IS AN AUTOGENERATED FILE. DO NOT EDIT THIS FILE DIRECTLY.
# yarn lockfile v1


"@tauri-apps/cli-darwin-arm64@2.2.7":
  version "2.2.7"
  resolved "https://registry.npmmirror.com/@tauri-apps/cli-darwin-arm64/-/cli-darwin-arm64-2.2.7.tgz#42ec056eb19309aa50b11c9568b6c0e6637f41ca"
  integrity sha512-54kcpxZ3X1Rq+pPTzk3iIcjEVY4yv493uRx/80rLoAA95vAC0c//31Whz75UVddDjJfZvXlXZ3uSZ+bnCOnt0A==

"@tauri-apps/cli-darwin-x64@2.2.7":
  version "2.2.7"
  resolved "https://registry.npmmirror.com/@tauri-apps/cli-darwin-x64/-/cli-darwin-x64-2.2.7.tgz#60cb5806e7bec9af2e22ae38a6bd2a769b0a61b0"
  integrity sha512-Vgu2XtBWemLnarB+6LqQeLanDlRj7CeFN//H8bVVdjbNzxcSxsvbLYMBP8+3boa7eBnjDrqMImRySSgL6IrwTw==

"@tauri-apps/cli-linux-arm-gnueabihf@2.2.7":
  version "2.2.7"
  resolved "https://registry.npmmirror.com/@tauri-apps/cli-linux-arm-gnueabihf/-/cli-linux-arm-gnueabihf-2.2.7.tgz#451029b68b50486e0553adf1a45cbd27c00eb3f9"
  integrity sha512-+Clha2iQAiK9zoY/KKW0KLHkR0k36O78YLx5Sl98tWkwI3OBZFg5H5WT1plH/4sbZIS2aLFN6dw58/JlY9Bu/g==

"@tauri-apps/cli-linux-arm64-gnu@2.2.7":
  version "2.2.7"
  resolved "https://registry.npmmirror.com/@tauri-apps/cli-linux-arm64-gnu/-/cli-linux-arm64-gnu-2.2.7.tgz#74f28cc303b0f476209c6117325fc235a3d5ad0f"
  integrity sha512-Z/Lp4SQe6BUEOays9BQAEum2pvZF4w9igyXijP+WbkOejZx4cDvarFJ5qXrqSLmBh7vxrdZcLwoLk9U//+yQrg==

"@tauri-apps/cli-linux-arm64-musl@2.2.7":
  version "2.2.7"
  resolved "https://registry.npmmirror.com/@tauri-apps/cli-linux-arm64-musl/-/cli-linux-arm64-musl-2.2.7.tgz#c51890295186395effd2a751739b88c9689eea6c"
  integrity sha512-+8HZ+txff/Y3YjAh80XcLXcX8kpGXVdr1P8AfjLHxHdS6QD4Md+acSxGTTNbplmHuBaSHJvuTvZf9tU1eDCTDg==

"@tauri-apps/cli-linux-x64-gnu@2.2.7":
  version "2.2.7"
  resolved "https://registry.npmmirror.com/@tauri-apps/cli-linux-x64-gnu/-/cli-linux-x64-gnu-2.2.7.tgz#14959a065858dcc6bff87ca8eb4525b071ab4ffe"
  integrity sha512-ahlSnuCnUntblp9dG7/w5ZWZOdzRFi3zl0oScgt7GF4KNAOEa7duADsxPA4/FT2hLRa0SvpqtD4IYFvCxoVv3Q==

"@tauri-apps/cli-linux-x64-musl@2.2.7":
  version "2.2.7"
  resolved "https://registry.npmmirror.com/@tauri-apps/cli-linux-x64-musl/-/cli-linux-x64-musl-2.2.7.tgz#6199c671d760b39c75ad13228cc422fadbbd0b15"
  integrity sha512-+qKAWnJRSX+pjjRbKAQgTdFY8ecdcu8UdJ69i7wn3ZcRn2nMMzOO2LOMOTQV42B7/Q64D1pIpmZj9yblTMvadA==

"@tauri-apps/cli-win32-arm64-msvc@2.2.7":
  version "2.2.7"
  resolved "https://registry.npmmirror.com/@tauri-apps/cli-win32-arm64-msvc/-/cli-win32-arm64-msvc-2.2.7.tgz#e83f3efda339f8315a54c6b3a105bb16c1d78d66"
  integrity sha512-aa86nRnrwT04u9D9fhf5JVssuAZlUCCc8AjqQjqODQjMd4BMA2+d4K9qBMpEG/1kVh95vZaNsLogjEaqSTTw4A==

"@tauri-apps/cli-win32-ia32-msvc@2.2.7":
  version "2.2.7"
  resolved "https://registry.npmmirror.com/@tauri-apps/cli-win32-ia32-msvc/-/cli-win32-ia32-msvc-2.2.7.tgz#6e9cdc615cf1f86469e067e65493a85470c4d6c7"
  integrity sha512-EiJ5/25tLSQOSGvv+t6o3ZBfOTKB5S3vb+hHQuKbfmKdRF0XQu2YPdIi1CQw1DU97ZAE0Dq4frvnyYEKWgMzVQ==

"@tauri-apps/cli-win32-x64-msvc@2.2.7":
  version "2.2.7"
  resolved "https://registry.npmmirror.com/@tauri-apps/cli-win32-x64-msvc/-/cli-win32-x64-msvc-2.2.7.tgz#c561efac129b386be35a936b0080a4cd2cd01b6d"
  integrity sha512-ZB8Kw90j8Ld+9tCWyD2fWCYfIrzbQohJ4DJSidNwbnehlZzP7wAz6Z3xjsvUdKtQ3ibtfoeTqVInzCCEpI+pWg==

"@tauri-apps/cli@^2":
  version "2.2.7"
  resolved "https://registry.npmmirror.com/@tauri-apps/cli/-/cli-2.2.7.tgz#4aedaf941f58bf2839fec38aa8191c5aefc7bb45"
  integrity sha512-ZnsS2B4BplwXP37celanNANiIy8TCYhvg5RT09n72uR/o+navFZtGpFSqljV8fy1Y4ixIPds8FrGSXJCN2BerA==
  optionalDependencies:
    "@tauri-apps/cli-darwin-arm64" "2.2.7"
    "@tauri-apps/cli-darwin-x64" "2.2.7"
    "@tauri-apps/cli-linux-arm-gnueabihf" "2.2.7"
    "@tauri-apps/cli-linux-arm64-gnu" "2.2.7"
    "@tauri-apps/cli-linux-arm64-musl" "2.2.7"
    "@tauri-apps/cli-linux-x64-gnu" "2.2.7"
    "@tauri-apps/cli-linux-x64-musl" "2.2.7"
    "@tauri-apps/cli-win32-arm64-msvc" "2.2.7"
    "@tauri-apps/cli-win32-ia32-msvc" "2.2.7"
    "@tauri-apps/cli-win32-x64-msvc" "2.2.7"
